
Microsoft Visual Studio Solution File, Format Version 12.00
# Visual Studio Version 16
VisualStudioVersion = 16.0.28803.352
MinimumVisualStudioVersion = 10.0.40219.1
Project("{FAE04EC0-301F-11D3-BF4B-00C04F79EFBC}") = "Moen.U.Api", "Moen.U.Api\Moen.U.Api.csproj", "{5AAF3E21-891A-4A6D-B794-72E45E5747B4}"
EndProject
Project("{FAE04EC0-301F-11D3-BF4B-00C04F79EFBC}") = "Moen.U.Api.Tests", "Moen.U.Api.Tests\Moen.U.Api.Tests.csproj", "{A649A9F1-DB76-4AE5-9394-F55076B951B0}"
EndProject
Global
	GlobalSection(SolutionConfigurationPlatforms) = preSolution
		Debug|Any CPU = Debug|Any CPU
		Release|Any CPU = Release|Any CPU
	EndGlobalSection
	GlobalSection(ProjectConfigurationPlatforms) = postSolution
		{5AAF3E21-891A-4A6D-B794-72E45E5747B4}.Debug|Any CPU.ActiveCfg = Debug|Any CPU
		{5AAF3E21-891A-4A6D-B794-72E45E5747B4}.Debug|Any CPU.Build.0 = Debug|Any CPU
		{5AAF3E21-891A-4A6D-B794-72E45E5747B4}.Release|Any CPU.ActiveCfg = Release|Any CPU
		{5AAF3E21-891A-4A6D-B794-72E45E5747B4}.Release|Any CPU.Build.0 = Release|Any CPU
		{A649A9F1-DB76-4AE5-9394-F55076B951B0}.Debug|Any CPU.ActiveCfg = Debug|Any CPU
		{A649A9F1-DB76-4AE5-9394-F55076B951B0}.Debug|Any CPU.Build.0 = Debug|Any CPU
		{A649A9F1-DB76-4AE5-9394-F55076B951B0}.Release|Any CPU.ActiveCfg = Release|Any CPU
		{A649A9F1-DB76-4AE5-9394-F55076B951B0}.Release|Any CPU.Build.0 = Release|Any CPU
	EndGlobalSection
	GlobalSection(SolutionProperties) = preSolution
		HideSolutionNode = FALSE
	EndGlobalSection
	GlobalSection(ExtensibilityGlobals) = postSolution
		SolutionGuid = {5324411A-2774-4617-A006-93648B2B8326}
	EndGlobalSection
EndGlobal
